
Microsoft Visual Studio Solution File, Format Version 12.00
Project("{FAE04EC0-301F-11D3-BF4B-00C04F79EFBC}") = "TaskManagement.Domain", "TaskManagement.Domain\TaskManagement.Domain.csproj", "{1DCE9D9D-31BA-40C8-A9A6-296D06F99C55}"
EndProject
Project("{FAE04EC0-301F-11D3-BF4B-00C04F79EFBC}") = "TaskManagement.Presentation", "TaskManagement.Presentation\TaskManagement.Presentation.csproj", "{F0B9A63D-59E4-49A1-95FD-010F17751448}"
EndProject
Project("{FAE04EC0-301F-11D3-BF4B-00C04F79EFBC}") = "TaskManagement.Application", "TaskManagement.Application\TaskManagement.Application.csproj", "{992F5D6E-CC69-4592-B855-115EB507959A}"
EndProject
Project("{FAE04EC0-301F-11D3-BF4B-00C04F79EFBC}") = "TaskManagement.Infrastructure", "TaskManagement.Infrastructure\TaskManagement.Infrastructure.csproj", "{60A252F8-86AE-4AE1-BFB8-E04FA7BF75D6}"
EndProject
Global
	GlobalSection(SolutionConfigurationPlatforms) = preSolution
		Debug|Any CPU = Debug|Any CPU
		Release|Any CPU = Release|Any CPU
	EndGlobalSection
	GlobalSection(ProjectConfigurationPlatforms) = postSolution
		{1DCE9D9D-31BA-40C8-A9A6-296D06F99C55}.Debug|Any CPU.ActiveCfg = Debug|Any CPU
		{1DCE9D9D-31BA-40C8-A9A6-296D06F99C55}.Debug|Any CPU.Build.0 = Debug|Any CPU
		{1DCE9D9D-31BA-40C8-A9A6-296D06F99C55}.Release|Any CPU.ActiveCfg = Release|Any CPU
		{1DCE9D9D-31BA-40C8-A9A6-296D06F99C55}.Release|Any CPU.Build.0 = Release|Any CPU
		{F0B9A63D-59E4-49A1-95FD-010F17751448}.Debug|Any CPU.ActiveCfg = Debug|Any CPU
		{F0B9A63D-59E4-49A1-95FD-010F17751448}.Debug|Any CPU.Build.0 = Debug|Any CPU
		{F0B9A63D-59E4-49A1-95FD-010F17751448}.Release|Any CPU.ActiveCfg = Release|Any CPU
		{F0B9A63D-59E4-49A1-95FD-010F17751448}.Release|Any CPU.Build.0 = Release|Any CPU
		{992F5D6E-CC69-4592-B855-115EB507959A}.Debug|Any CPU.ActiveCfg = Debug|Any CPU
		{992F5D6E-CC69-4592-B855-115EB507959A}.Debug|Any CPU.Build.0 = Debug|Any CPU
		{992F5D6E-CC69-4592-B855-115EB507959A}.Release|Any CPU.ActiveCfg = Release|Any CPU
		{992F5D6E-CC69-4592-B855-115EB507959A}.Release|Any CPU.Build.0 = Release|Any CPU
		{60A252F8-86AE-4AE1-BFB8-E04FA7BF75D6}.Debug|Any CPU.ActiveCfg = Debug|Any CPU
		{60A252F8-86AE-4AE1-BFB8-E04FA7BF75D6}.Debug|Any CPU.Build.0 = Debug|Any CPU
		{60A252F8-86AE-4AE1-BFB8-E04FA7BF75D6}.Release|Any CPU.ActiveCfg = Release|Any CPU
		{60A252F8-86AE-4AE1-BFB8-E04FA7BF75D6}.Release|Any CPU.Build.0 = Release|Any CPU
	EndGlobalSection
EndGlobal
